version = 1
revision = 2
requires-python = "==3.10.2"

[[package]]
name = "cell-fate"
version = "0.1.0"
source = { virtual = "." }

[package.dev-dependencies]
dev = [
    { name = "cython" },
]

[package.metadata]

[package.metadata.requires-dev]
dev = [{ name = "cython", specifier = ">=3.1.2" }]

[[package]]
name = "cython"
version = "3.1.2"
source = { registry = "https://pypi.org/simple" }
sdist = { url = "https://files.pythonhosted.org/packages/18/40/7b17cd866158238db704965da1b5849af261dbad393ea3ac966f934b2d39/cython-3.1.2.tar.gz", hash = "sha256:6bbf7a953fa6762dfecdec015e3b054ba51c0121a45ad851fa130f63f5331381", size = 3184825, upload-time = "2025-06-09T07:08:48.465Z" }
wheels = [
    { url = "https://files.pythonhosted.org/packages/4c/5e/c89172b252697acd6a440a2efead37685f8f2c42ea0d906098cbfb9aed69/cython-3.1.2-cp310-cp310-macosx_10_9_x86_64.whl", hash = "sha256:0f2add8b23cb19da3f546a688cd8f9e0bfc2776715ebf5e283bc3113b03ff008", size = 2973977, upload-time = "2025-06-09T07:09:03.604Z" },
    { url = "https://files.pythonhosted.org/packages/9c/e5/d7fb67187193c5763d59a4b70d86a92be18b05b01737af8bfca7bafea0d3/cython-3.1.2-cp310-cp310-macosx_11_0_arm64.whl", hash = "sha256:0d6248a2ae155ca4c42d7fa6a9a05154d62e695d7736bc17e1b85da6dcc361df", size = 2836988, upload-time = "2025-06-09T07:09:06.156Z" },
    { url = "https://files.pythonhosted.org/packages/23/3a/5b92bfff9c1cc1179a493684d0e6a893ee7cd69c4f1977813000ea76c5d7/cython-3.1.2-cp310-cp310-manylinux_2_17_aarch64.manylinux2014_aarch64.whl", hash = "sha256:262bf49d9da64e2a34c86cbf8de4aa37daffb0f602396f116cca1ed47dc4b9f2", size = 3212933, upload-time = "2025-06-09T07:09:08.725Z" },
    { url = "https://files.pythonhosted.org/packages/b4/eb/8c47ba21177929f9122e7aceca9fe1f9f5a037e705226f8a5a9113fb53ba/cython-3.1.2-cp310-cp310-manylinux_2_17_x86_64.manylinux2014_x86_64.whl", hash = "sha256:ae53ae93c699d5f113953a9869df2fc269d8e173f9aa0616c6d8d6e12b4e9827", size = 3332955, upload-time = "2025-06-09T07:09:11.371Z" },
    { url = "https://files.pythonhosted.org/packages/2a/a7/e29079146154c4c0403dfb5b9b51c183e0887fc19727aacc3946246c5898/cython-3.1.2-cp310-cp310-manylinux_2_5_i686.manylinux1_i686.manylinux_2_17_i686.manylinux2014_i686.whl", hash = "sha256:b417c5d046ce676ee595ec7955ed47a68ad6f419cbf8c2a8708e55a3b38dfa35", size = 3394613, upload-time = "2025-06-09T07:09:14.189Z" },
    { url = "https://files.pythonhosted.org/packages/94/18/dd10c4531c0e918b20300ee23b32a4bffa5cbacaa8e8dd19fa6b02b260fe/cython-3.1.2-cp310-cp310-musllinux_1_2_aarch64.whl", hash = "sha256:af127da4b956e0e906e552fad838dc3fb6b6384164070ceebb0d90982a8ae25a", size = 3257573, upload-time = "2025-06-09T07:09:16.787Z" },
    { url = "https://files.pythonhosted.org/packages/19/09/0998fa0c42c6cc56fdcba6bb757abe13fc4456a5a063dacb5331e30d7560/cython-3.1.2-cp310-cp310-musllinux_1_2_i686.whl", hash = "sha256:9be3d4954b46fd0f2dceac011d470f658eaf819132db52fbd1cf226ee60348db", size = 3479007, upload-time = "2025-06-09T07:09:19.431Z" },
    { url = "https://files.pythonhosted.org/packages/9d/1c/e107d8bc45ab1f3c2205c7f4a17b3c594126b72f7fc2d78b304f5ae72434/cython-3.1.2-cp310-cp310-musllinux_1_2_x86_64.whl", hash = "sha256:63da49672c4bb022b4de9d37bab6c29953dbf5a31a2f40dffd0cf0915dcd7a17", size = 3414055, upload-time = "2025-06-09T07:09:22.264Z" },
    { url = "https://files.pythonhosted.org/packages/13/25/5c1177bbc23263ba82b60a754383a001c57798d3f7982ea9b5fd3916c1fa/cython-3.1.2-cp310-cp310-win32.whl", hash = "sha256:2d8291dbbc1cb86b8d60c86fe9cbf99ec72de28cb157cbe869c95df4d32efa96", size = 2484860, upload-time = "2025-06-09T07:09:24.203Z" },
    { url = "https://files.pythonhosted.org/packages/f5/19/119287fa7e3c8268d33ac6213fc7e7d6e9b74b239d459073d285362ebf2a/cython-3.1.2-cp310-cp310-win_amd64.whl", hash = "sha256:e1f30a1339e03c80968a371ef76bf27a6648c5646cccd14a97e731b6957db97a", size = 2679771, upload-time = "2025-06-09T07:09:26.701Z" },
    { url = "https://files.pythonhosted.org/packages/25/d6/ef8557d5e75cc57d55df579af4976935ee111a85bbee4a5b72354e257066/cython-3.1.2-py3-none-any.whl", hash = "sha256:d23fd7ffd7457205f08571a42b108a3cf993e83a59fe4d72b42e6fc592cf2639", size = 1224753, upload-time = "2025-06-09T07:08:44.849Z" },
]
